// !$*UTF8*$!
{
	archiveVersion = 1;
	classes = {
	};
	objectVersion = 55;
	objects = {

/* Begin PBXBuildFile section */
		1D77BF0928E0413D00F0AD2A /* RocketList_Cell.swift in Sources */ = {isa = PBXBuildFile; fileRef = 1D77BF0828E0413D00F0AD2A /* RocketList_Cell.swift */; };
		1DA7459228DED4B6000D6FC8 /* AppDelegate.swift in Sources */ = {isa = PBXBuildFile; fileRef = 1DA7459128DED4B6000D6FC8 /* AppDelegate.swift */; };
		1DA7459928DED4B6000D6FC8 /* Main.storyboard in Resources */ = {isa = PBXBuildFile; fileRef = 1DA7459728DED4B6000D6FC8 /* Main.storyboard */; };
		1DA7459B28DED4B8000D6FC8 /* Assets.xcassets in Resources */ = {isa = PBXBuildFile; fileRef = 1DA7459A28DED4B8000D6FC8 /* Assets.xcassets */; };
		1DA7459E28DED4B8000D6FC8 /* LaunchScreen.storyboard in Resources */ = {isa = PBXBuildFile; fileRef = 1DA7459C28DED4B8000D6FC8 /* LaunchScreen.storyboard */; };
		1DA745B128DED70F000D6FC8 /* DashBoard.storyboard in Resources */ = {isa = PBXBuildFile; fileRef = 1DA745B028DED70F000D6FC8 /* DashBoard.storyboard */; };
		1DA745B328DED83D000D6FC8 /* Login_ViewController.swift in Sources */ = {isa = PBXBuildFile; fileRef = 1DA745B228DED83D000D6FC8 /* Login_ViewController.swift */; };
		1DA745B528DED86B000D6FC8 /* Dashboard_ViewController.swift in Sources */ = {isa = PBXBuildFile; fileRef = 1DA745B428DED86B000D6FC8 /* Dashboard_ViewController.swift */; };
		1DA745B728DEDA20000D6FC8 /* LocalAuthentication.framework in Frameworks */ = {isa = PBXBuildFile; fileRef = 1DA745B628DEDA20000D6FC8 /* LocalAuthentication.framework */; };
		1DB6286128DF7B1E00B9F6F5 /* RocketList_ViewController.swift in Sources */ = {isa = PBXBuildFile; fileRef = 1DB6286028DF7B1E00B9F6F5 /* RocketList_ViewController.swift */; };
		1DB6286328DF7D9500B9F6F5 /* FavouriteList_ViewController.swift in Sources */ = {isa = PBXBuildFile; fileRef = 1DB6286228DF7D9500B9F6F5 /* FavouriteList_ViewController.swift */; };
		1DB6286528DF7DB200B9F6F5 /* UpComingList_ViewController.swift in Sources */ = {isa = PBXBuildFile; fileRef = 1DB6286428DF7DB200B9F6F5 /* UpComingList_ViewController.swift */; };
		1DBCB8B728E043630017980D /* FavouriteList_Cell.swift in Sources */ = {isa = PBXBuildFile; fileRef = 1DBCB8B628E043630017980D /* FavouriteList_Cell.swift */; };
		1DBCB8B928E043850017980D /* UpComingList_Cell.swift in Sources */ = {isa = PBXBuildFile; fileRef = 1DBCB8B828E043850017980D /* UpComingList_Cell.swift */; };
		1DBCB8BB28E052200017980D /* Detailboard.storyboard in Resources */ = {isa = PBXBuildFile; fileRef = 1DBCB8BA28E052200017980D /* Detailboard.storyboard */; };
		1DDC577028DF2C97002EA24C /* UIColor.swift in Sources */ = {isa = PBXBuildFile; fileRef = 1DDC576F28DF2C97002EA24C /* UIColor.swift */; };
		2B20B9BA28FB00DE00C988CE /* GoogleService-Info.plist in Resources */ = {isa = PBXBuildFile; fileRef = 2B20B9B928FB00DE00C988CE /* GoogleService-Info.plist */; };
		2B29512028FAA75500401D0E /* BSValidations.swift in Sources */ = {isa = PBXBuildFile; fileRef = 2B29511F28FAA75500401D0E /* BSValidations.swift */; };
		2B2B747528FC1866006E8545 /* RocketDetail_ViewController.swift in Sources */ = {isa = PBXBuildFile; fileRef = 2B2B747428FC1865006E8545 /* RocketDetail_ViewController.swift */; };
		2B51606128FF04140070E3E6 /* UpcomingModel.swift in Sources */ = {isa = PBXBuildFile; fileRef = 2B51606028FF04140070E3E6 /* UpcomingModel.swift */; };
		2B60A74228FBAAFA00D42F6C /* SceneDelegate.swift in Sources */ = {isa = PBXBuildFile; fileRef = 2B60A74128FBAAFA00D42F6C /* SceneDelegate.swift */; };
		2B66465828FF52E500E89A87 /* Constants.swift in Sources */ = {isa = PBXBuildFile; fileRef = 2B66465728FF52E500E89A87 /* Constants.swift */; };
		2B66465A28FF53AB00E89A87 /* APIPostString.swift in Sources */ = {isa = PBXBuildFile; fileRef = 2B66465928FF53AB00E89A87 /* APIPostString.swift */; };
		2B66465C28FF5AA900E89A87 /* UpcomingViewModel.swift in Sources */ = {isa = PBXBuildFile; fileRef = 2B66465B28FF5AA900E89A87 /* UpcomingViewModel.swift */; };
		2B6D6CDE28FB08C200E6ED40 /* Register_ViewController.swift in Sources */ = {isa = PBXBuildFile; fileRef = 2B6D6CDD28FB08C200E6ED40 /* Register_ViewController.swift */; };
		2BA01B7B28F7C42A007ACAC8 /* RocketDataViewModel.swift in Sources */ = {isa = PBXBuildFile; fileRef = 2BA01B7928F7C42A007ACAC8 /* RocketDataViewModel.swift */; };
		2BA01B7C28F7C42A007ACAC8 /* DatabaseHelper.swift in Sources */ = {isa = PBXBuildFile; fileRef = 2BA01B7A28F7C42A007ACAC8 /* DatabaseHelper.swift */; };
		2BA01B7F28F7C44C007ACAC8 /* RocketDataModel.swift in Sources */ = {isa = PBXBuildFile; fileRef = 2BA01B7E28F7C44C007ACAC8 /* RocketDataModel.swift */; };
		2BA01B8D28F7C59A007ACAC8 /* Roboto-Regular.ttf in Resources */ = {isa = PBXBuildFile; fileRef = 2BA01B8128F7C598007ACAC8 /* Roboto-Regular.ttf */; };
		2BA01B8E28F7C59A007ACAC8 /* Roboto-Bold.ttf in Resources */ = {isa = PBXBuildFile; fileRef = 2BA01B8228F7C598007ACAC8 /* Roboto-Bold.ttf */; };
		2BA01B8F28F7C59A007ACAC8 /* Roboto-MediumItalic.ttf in Resources */ = {isa = PBXBuildFile; fileRef = 2BA01B8328F7C598007ACAC8 /* Roboto-MediumItalic.ttf */; };
		2BA01B9028F7C59A007ACAC8 /* Roboto-Italic.ttf in Resources */ = {isa = PBXBuildFile; fileRef = 2BA01B8428F7C598007ACAC8 /* Roboto-Italic.ttf */; };
		2BA01B9128F7C59A007ACAC8 /* Roboto-Medium.ttf in Resources */ = {isa = PBXBuildFile; fileRef = 2BA01B8528F7C598007ACAC8 /* Roboto-Medium.ttf */; };
		2BA01B9228F7C59A007ACAC8 /* Roboto-BlackItalic.ttf in Resources */ = {isa = PBXBuildFile; fileRef = 2BA01B8628F7C599007ACAC8 /* Roboto-BlackItalic.ttf */; };
		2BA01B9328F7C59A007ACAC8 /* Roboto-ThinItalic.ttf in Resources */ = {isa = PBXBuildFile; fileRef = 2BA01B8728F7C599007ACAC8 /* Roboto-ThinItalic.ttf */; };
		2BA01B9428F7C59A007ACAC8 /* Roboto-Black.ttf in Resources */ = {isa = PBXBuildFile; fileRef = 2BA01B8828F7C599007ACAC8 /* Roboto-Black.ttf */; };
		2BA01B9528F7C59A007ACAC8 /* Roboto-BoldItalic.ttf in Resources */ = {isa = PBXBuildFile; fileRef = 2BA01B8928F7C599007ACAC8 /* Roboto-BoldItalic.ttf */; };
		2BA01B9628F7C59A007ACAC8 /* Roboto-LightItalic.ttf in Resources */ = {isa = PBXBuildFile; fileRef = 2BA01B8A28F7C599007ACAC8 /* Roboto-LightItalic.ttf */; };
		2BA01B9728F7C59A007ACAC8 /* Roboto-Thin.ttf in Resources */ = {isa = PBXBuildFile; fileRef = 2BA01B8B28F7C599007ACAC8 /* Roboto-Thin.ttf */; };
		2BA01B9828F7C59A007ACAC8 /* Roboto-Light.ttf in Resources */ = {isa = PBXBuildFile; fileRef = 2BA01B8C28F7C59A007ACAC8 /* Roboto-Light.ttf */; };
		2BA01BA328F7DE33007ACAC8 /* FavouriteRocketData+CoreDataClass.swift in Sources */ = {isa = PBXBuildFile; fileRef = 2BA01BA128F7DE33007ACAC8 /* FavouriteRocketData+CoreDataClass.swift */; };
		2BA01BA428F7DE33007ACAC8 /* FavouriteRocketData+CoreDataProperties.swift in Sources */ = {isa = PBXBuildFile; fileRef = 2BA01BA228F7DE33007ACAC8 /* FavouriteRocketData+CoreDataProperties.swift */; };
		2BA01BA728F7DE5A007ACAC8 /* FavouriteRocketData.xcdatamodeld in Sources */ = {isa = PBXBuildFile; fileRef = 2BA01BA528F7DE5A007ACAC8 /* FavouriteRocketData.xcdatamodeld */; };
		2BA01BA928F7DF2E007ACAC8 /* CoreData.framework in Frameworks */ = {isa = PBXBuildFile; fileRef = 2BA01BA828F7DF2E007ACAC8 /* CoreData.framework */; };
		4B9F1C2355B3428B7CBDB277 /* Pods_SpaceXFanApplication.framework in Frameworks */ = {isa = PBXBuildFile; fileRef = 248BFF5B416AF1B608807275 /* Pods_SpaceXFanApplication.framework */; };
/* End PBXBuildFile section */

/* Begin PBXFileReference section */
		1D77BF0828E0413D00F0AD2A /* RocketList_Cell.swift */ = {isa = PBXFileReference; lastKnownFileType = sourcecode.swift; path = RocketList_Cell.swift; sourceTree = "<group>"; };
		1DA7458E28DED4B6000D6FC8 /* SpaceXFanApplication.app */ = {isa = PBXFileReference; explicitFileType = wrapper.application; includeInIndex = 0; path = SpaceXFanApplication.app; sourceTree = BUILT_PRODUCTS_DIR; };
		1DA7459128DED4B6000D6FC8 /* AppDelegate.swift */ = {isa = PBXFileReference; lastKnownFileType = sourcecode.swift; path = AppDelegate.swift; sourceTree = "<group>"; };
		1DA7459828DED4B6000D6FC8 /* Base */ = {isa = PBXFileReference; lastKnownFileType = file.storyboard; name = Base; path = Base.lproj/Main.storyboard; sourceTree = "<group>"; };
		1DA7459A28DED4B8000D6FC8 /* Assets.xcassets */ = {isa = PBXFileReference; lastKnownFileType = folder.assetcatalog; path = Assets.xcassets; sourceTree = "<group>"; };
		1DA7459D28DED4B8000D6FC8 /* Base */ = {isa = PBXFileReference; lastKnownFileType = file.storyboard; name = Base; path = Base.lproj/LaunchScreen.storyboard; sourceTree = "<group>"; };
		1DA7459F28DED4B8000D6FC8 /* Info.plist */ = {isa = PBXFileReference; lastKnownFileType = text.plist.xml; path = Info.plist; sourceTree = "<group>"; };
		1DA745B028DED70F000D6FC8 /* DashBoard.storyboard */ = {isa = PBXFileReference; lastKnownFileType = file.storyboard; path = DashBoard.storyboard; sourceTree = "<group>"; };
		1DA745B228DED83D000D6FC8 /* Login_ViewController.swift */ = {isa = PBXFileReference; lastKnownFileType = sourcecode.swift; path = Login_ViewController.swift; sourceTree = "<group>"; };
		1DA745B428DED86B000D6FC8 /* Dashboard_ViewController.swift */ = {isa = PBXFileReference; lastKnownFileType = sourcecode.swift; path = Dashboard_ViewController.swift; sourceTree = "<group>"; };
		1DA745B628DEDA20000D6FC8 /* LocalAuthentication.framework */ = {isa = PBXFileReference; lastKnownFileType = wrapper.framework; name = LocalAuthentication.framework; path = System/Library/Frameworks/LocalAuthentication.framework; sourceTree = SDKROOT; };
		1DB6286028DF7B1E00B9F6F5 /* RocketList_ViewController.swift */ = {isa = PBXFileReference; lastKnownFileType = sourcecode.swift; path = RocketList_ViewController.swift; sourceTree = "<group>"; };
		1DB6286228DF7D9500B9F6F5 /* FavouriteList_ViewController.swift */ = {isa = PBXFileReference; lastKnownFileType = sourcecode.swift; path = FavouriteList_ViewController.swift; sourceTree = "<group>"; };
		1DB6286428DF7DB200B9F6F5 /* UpComingList_ViewController.swift */ = {isa = PBXFileReference; lastKnownFileType = sourcecode.swift; path = UpComingList_ViewController.swift; sourceTree = "<group>"; };
		1DBCB8B628E043630017980D /* FavouriteList_Cell.swift */ = {isa = PBXFileReference; lastKnownFileType = sourcecode.swift; path = FavouriteList_Cell.swift; sourceTree = "<group>"; };
		1DBCB8B828E043850017980D /* UpComingList_Cell.swift */ = {isa = PBXFileReference; lastKnownFileType = sourcecode.swift; path = UpComingList_Cell.swift; sourceTree = "<group>"; };
		1DBCB8BA28E052200017980D /* Detailboard.storyboard */ = {isa = PBXFileReference; lastKnownFileType = file.storyboard; path = Detailboard.storyboard; sourceTree = "<group>"; };
		1DDC576F28DF2C97002EA24C /* UIColor.swift */ = {isa = PBXFileReference; fileEncoding = 4; lastKnownFileType = sourcecode.swift; path = UIColor.swift; sourceTree = "<group>"; };
		248BFF5B416AF1B608807275 /* Pods_SpaceXFanApplication.framework */ = {isa = PBXFileReference; explicitFileType = wrapper.framework; includeInIndex = 0; path = Pods_SpaceXFanApplication.framework; sourceTree = BUILT_PRODUCTS_DIR; };
		2B20B9B928FB00DE00C988CE /* GoogleService-Info.plist */ = {isa = PBXFileReference; fileEncoding = 4; lastKnownFileType = text.plist.xml; path = "GoogleService-Info.plist"; sourceTree = "<group>"; };
		2B29511F28FAA75500401D0E /* BSValidations.swift */ = {isa = PBXFileReference; fileEncoding = 4; lastKnownFileType = sourcecode.swift; path = BSValidations.swift; sourceTree = "<group>"; };
		2B2B747428FC1865006E8545 /* RocketDetail_ViewController.swift */ = {isa = PBXFileReference; lastKnownFileType = sourcecode.swift; path = RocketDetail_ViewController.swift; sourceTree = "<group>"; };
		2B51606028FF04140070E3E6 /* UpcomingModel.swift */ = {isa = PBXFileReference; lastKnownFileType = sourcecode.swift; path = UpcomingModel.swift; sourceTree = "<group>"; };
		2B60A74128FBAAFA00D42F6C /* SceneDelegate.swift */ = {isa = PBXFileReference; fileEncoding = 4; lastKnownFileType = sourcecode.swift; path = SceneDelegate.swift; sourceTree = "<group>"; };
		2B66465728FF52E500E89A87 /* Constants.swift */ = {isa = PBXFileReference; lastKnownFileType = sourcecode.swift; path = Constants.swift; sourceTree = "<group>"; };
		2B66465928FF53AB00E89A87 /* APIPostString.swift */ = {isa = PBXFileReference; lastKnownFileType = sourcecode.swift; path = APIPostString.swift; sourceTree = "<group>"; };
		2B66465B28FF5AA900E89A87 /* UpcomingViewModel.swift */ = {isa = PBXFileReference; lastKnownFileType = sourcecode.swift; path = UpcomingViewModel.swift; sourceTree = "<group>"; };
		2B6D6CDD28FB08C200E6ED40 /* Register_ViewController.swift */ = {isa = PBXFileReference; lastKnownFileType = sourcecode.swift; path = Register_ViewController.swift; sourceTree = "<group>"; };
		2BA01B7928F7C42A007ACAC8 /* RocketDataViewModel.swift */ = {isa = PBXFileReference; fileEncoding = 4; lastKnownFileType = sourcecode.swift; path = RocketDataViewModel.swift; sourceTree = "<group>"; };
		2BA01B7A28F7C42A007ACAC8 /* DatabaseHelper.swift */ = {isa = PBXFileReference; fileEncoding = 4; lastKnownFileType = sourcecode.swift; path = DatabaseHelper.swift; sourceTree = "<group>"; };
		2BA01B7E28F7C44C007ACAC8 /* RocketDataModel.swift */ = {isa = PBXFileReference; fileEncoding = 4; lastKnownFileType = sourcecode.swift; path = RocketDataModel.swift; sourceTree = "<group>"; };
		2BA01B8128F7C598007ACAC8 /* Roboto-Regular.ttf */ = {isa = PBXFileReference; lastKnownFileType = file; path = "Roboto-Regular.ttf"; sourceTree = "<group>"; };
		2BA01B8228F7C598007ACAC8 /* Roboto-Bold.ttf */ = {isa = PBXFileReference; lastKnownFileType = file; path = "Roboto-Bold.ttf"; sourceTree = "<group>"; };
		2BA01B8328F7C598007ACAC8 /* Roboto-MediumItalic.ttf */ = {isa = PBXFileReference; lastKnownFileType = file; path = "Roboto-MediumItalic.ttf"; sourceTree = "<group>"; };
		2BA01B8428F7C598007ACAC8 /* Roboto-Italic.ttf */ = {isa = PBXFileReference; lastKnownFileType = file; path = "Roboto-Italic.ttf"; sourceTree = "<group>"; };
		2BA01B8528F7C598007ACAC8 /* Roboto-Medium.ttf */ = {isa = PBXFileReference; lastKnownFileType = file; path = "Roboto-Medium.ttf"; sourceTree = "<group>"; };
		2BA01B8628F7C599007ACAC8 /* Roboto-BlackItalic.ttf */ = {isa = PBXFileReference; lastKnownFileType = file; path = "Roboto-BlackItalic.ttf"; sourceTree = "<group>"; };
		2BA01B8728F7C599007ACAC8 /* Roboto-ThinItalic.ttf */ = {isa = PBXFileReference; lastKnownFileType = file; path = "Roboto-ThinItalic.ttf"; sourceTree = "<group>"; };
		2BA01B8828F7C599007ACAC8 /* Roboto-Black.ttf */ = {isa = PBXFileReference; lastKnownFileType = file; path = "Roboto-Black.ttf"; sourceTree = "<group>"; };
		2BA01B8928F7C599007ACAC8 /* Roboto-BoldItalic.ttf */ = {isa = PBXFileReference; lastKnownFileType = file; path = "Roboto-BoldItalic.ttf"; sourceTree = "<group>"; };
		2BA01B8A28F7C599007ACAC8 /* Roboto-LightItalic.ttf */ = {isa = PBXFileReference; lastKnownFileType = file; path = "Roboto-LightItalic.ttf"; sourceTree = "<group>"; };
		2BA01B8B28F7C599007ACAC8 /* Roboto-Thin.ttf */ = {isa = PBXFileReference; lastKnownFileType = file; path = "Roboto-Thin.ttf"; sourceTree = "<group>"; };
		2BA01B8C28F7C59A007ACAC8 /* Roboto-Light.ttf */ = {isa = PBXFileReference; lastKnownFileType = file; path = "Roboto-Light.ttf"; sourceTree = "<group>"; };
		2BA01BA128F7DE33007ACAC8 /* FavouriteRocketData+CoreDataClass.swift */ = {isa = PBXFileReference; fileEncoding = 4; lastKnownFileType = sourcecode.swift; path = "FavouriteRocketData+CoreDataClass.swift"; sourceTree = "<group>"; };
		2BA01BA228F7DE33007ACAC8 /* FavouriteRocketData+CoreDataProperties.swift */ = {isa = PBXFileReference; fileEncoding = 4; lastKnownFileType = sourcecode.swift; path = "FavouriteRocketData+CoreDataProperties.swift"; sourceTree = "<group>"; };
		2BA01BA628F7DE5A007ACAC8 /* FavouriteRocketData.xcdatamodel */ = {isa = PBXFileReference; lastKnownFileType = wrapper.xcdatamodel; path = FavouriteRocketData.xcdatamodel; sourceTree = "<group>"; };
		2BA01BA828F7DF2E007ACAC8 /* CoreData.framework */ = {isa = PBXFileReference; lastKnownFileType = wrapper.framework; name = CoreData.framework; path = System/Library/Frameworks/CoreData.framework; sourceTree = SDKROOT; };
		400B426E3854115E2A444B34 /* Pods-SpaceXFanApplication.release.xcconfig */ = {isa = PBXFileReference; includeInIndex = 1; lastKnownFileType = text.xcconfig; name = "Pods-SpaceXFanApplication.release.xcconfig"; path = "Target Support Files/Pods-SpaceXFanApplication/Pods-SpaceXFanApplication.release.xcconfig"; sourceTree = "<group>"; };
		50A08F23DB7A3F530F1E192E /* Pods-SpaceXFanApplication.debug.xcconfig */ = {isa = PBXFileReference; includeInIndex = 1; lastKnownFileType = text.xcconfig; name = "Pods-SpaceXFanApplication.debug.xcconfig"; path = "Target Support Files/Pods-SpaceXFanApplication/Pods-SpaceXFanApplication.debug.xcconfig"; sourceTree = "<group>"; };
/* End PBXFileReference section */

/* Begin PBXFrameworksBuildPhase section */
		1DA7458B28DED4B6000D6FC8 /* Frameworks */ = {
			isa = PBXFrameworksBuildPhase;
			buildActionMask = 2147483647;
			files = (
				2BA01BA928F7DF2E007ACAC8 /* CoreData.framework in Frameworks */,
				1DA745B728DEDA20000D6FC8 /* LocalAuthentication.framework in Frameworks */,
				4B9F1C2355B3428B7CBDB277 /* Pods_SpaceXFanApplication.framework in Frameworks */,
			);
			runOnlyForDeploymentPostprocessing = 0;
		};
/* End PBXFrameworksBuildPhase section */

/* Begin PBXGroup section */
		1DA7458528DED4B6000D6FC8 = {
			isa = PBXGroup;
			children = (
				2BA01B9C28F7D28C007ACAC8 /* LocalDataBase */,
				1DA7459028DED4B6000D6FC8 /* SpaceXFanApplication */,
				1DA7458F28DED4B6000D6FC8 /* Products */,
				375574D6DE90ECEEFF6113B0 /* Pods */,
				944687069EF647C740574323 /* Frameworks */,
			);
			sourceTree = "<group>";
		};
		1DA7458F28DED4B6000D6FC8 /* Products */ = {
			isa = PBXGroup;
			children = (
				1DA7458E28DED4B6000D6FC8 /* SpaceXFanApplication.app */,
			);
			name = Products;
			sourceTree = "<group>";
		};
		1DA7459028DED4B6000D6FC8 /* SpaceXFanApplication */ = {
			isa = PBXGroup;
			children = (
				2BA01B8028F7C580007ACAC8 /* RobotoFont */,
				1DA745A728DED6DC000D6FC8 /* MVVM */,
				1DA745A528DED538000D6FC8 /* CommonClasses */,
				1DA7459128DED4B6000D6FC8 /* AppDelegate.swift */,
				2B60A74128FBAAFA00D42F6C /* SceneDelegate.swift */,
				1DA7459728DED4B6000D6FC8 /* Main.storyboard */,
				1DA745B028DED70F000D6FC8 /* DashBoard.storyboard */,
				1DBCB8BA28E052200017980D /* Detailboard.storyboard */,
				1DA7459A28DED4B8000D6FC8 /* Assets.xcassets */,
				1DA7459C28DED4B8000D6FC8 /* LaunchScreen.storyboard */,
				1DA7459F28DED4B8000D6FC8 /* Info.plist */,
				2B20B9B928FB00DE00C988CE /* GoogleService-Info.plist */,
			);
			path = SpaceXFanApplication;
			sourceTree = "<group>";
		};
		1DA745A528DED538000D6FC8 /* CommonClasses */ = {
			isa = PBXGroup;
			children = (
				2B29511F28FAA75500401D0E /* BSValidations.swift */,
				1DDC576F28DF2C97002EA24C /* UIColor.swift */,
				2B66465728FF52E500E89A87 /* Constants.swift */,
				2B66465928FF53AB00E89A87 /* APIPostString.swift */,
			);
			path = CommonClasses;
			sourceTree = "<group>";
		};
		1DA745A728DED6DC000D6FC8 /* MVVM */ = {
			isa = PBXGroup;
			children = (
				2BA01B7D28F7C437007ACAC8 /* Model */,
				2BA01B7828F7C40A007ACAC8 /* ViewModel */,
				1DA745AA28DED6DC000D6FC8 /* View */,
			);
			path = MVVM;
			sourceTree = "<group>";
		};
		1DA745AA28DED6DC000D6FC8 /* View */ = {
			isa = PBXGroup;
			children = (
				1DA745B228DED83D000D6FC8 /* Login_ViewController.swift */,
				2B6D6CDD28FB08C200E6ED40 /* Register_ViewController.swift */,
				1DA745B428DED86B000D6FC8 /* Dashboard_ViewController.swift */,
				1DB6286028DF7B1E00B9F6F5 /* RocketList_ViewController.swift */,
				1D77BF0828E0413D00F0AD2A /* RocketList_Cell.swift */,
				1DB6286228DF7D9500B9F6F5 /* FavouriteList_ViewController.swift */,
				1DBCB8B628E043630017980D /* FavouriteList_Cell.swift */,
				1DB6286428DF7DB200B9F6F5 /* UpComingList_ViewController.swift */,
				1DBCB8B828E043850017980D /* UpComingList_Cell.swift */,
				2B2B747428FC1865006E8545 /* RocketDetail_ViewController.swift */,
			);
			path = View;
			sourceTree = "<group>";
		};
		2BA01B7828F7C40A007ACAC8 /* ViewModel */ = {
			isa = PBXGroup;
			children = (
				2BA01B7A28F7C42A007ACAC8 /* DatabaseHelper.swift */,
				2BA01B7928F7C42A007ACAC8 /* RocketDataViewModel.swift */,
				2B66465B28FF5AA900E89A87 /* UpcomingViewModel.swift */,
			);
			path = ViewModel;
			sourceTree = "<group>";
		};
		2BA01B7D28F7C437007ACAC8 /* Model */ = {
			isa = PBXGroup;
			children = (
				2BA01B7E28F7C44C007ACAC8 /* RocketDataModel.swift */,
				2B51606028FF04140070E3E6 /* UpcomingModel.swift */,
			);
			path = Model;
			sourceTree = "<group>";
		};
		2BA01B8028F7C580007ACAC8 /* RobotoFont */ = {
			isa = PBXGroup;
			children = (
				2BA01B8828F7C599007ACAC8 /* Roboto-Black.ttf */,
				2BA01B8628F7C599007ACAC8 /* Roboto-BlackItalic.ttf */,
				2BA01B8228F7C598007ACAC8 /* Roboto-Bold.ttf */,
				2BA01B8928F7C599007ACAC8 /* Roboto-BoldItalic.ttf */,
				2BA01B8428F7C598007ACAC8 /* Roboto-Italic.ttf */,
				2BA01B8C28F7C59A007ACAC8 /* Roboto-Light.ttf */,
				2BA01B8A28F7C599007ACAC8 /* Roboto-LightItalic.ttf */,
				2BA01B8528F7C598007ACAC8 /* Roboto-Medium.ttf */,
				2BA01B8328F7C598007ACAC8 /* Roboto-MediumItalic.ttf */,
				2BA01B8128F7C598007ACAC8 /* Roboto-Regular.ttf */,
				2BA01B8B28F7C599007ACAC8 /* Roboto-Thin.ttf */,
				2BA01B8728F7C599007ACAC8 /* Roboto-ThinItalic.ttf */,
			);
			path = RobotoFont;
			sourceTree = "<group>";
		};
		2BA01B9C28F7D28C007ACAC8 /* LocalDataBase */ = {
			isa = PBXGroup;
			children = (
				2BA01BA128F7DE33007ACAC8 /* FavouriteRocketData+CoreDataClass.swift */,
				2BA01BA228F7DE33007ACAC8 /* FavouriteRocketData+CoreDataProperties.swift */,
				2BA01BA528F7DE5A007ACAC8 /* FavouriteRocketData.xcdatamodeld */,
			);
			path = LocalDataBase;
			sourceTree = "<group>";
		};
		375574D6DE90ECEEFF6113B0 /* Pods */ = {
			isa = PBXGroup;
			children = (
				50A08F23DB7A3F530F1E192E /* Pods-SpaceXFanApplication.debug.xcconfig */,
				400B426E3854115E2A444B34 /* Pods-SpaceXFanApplication.release.xcconfig */,
			);
			path = Pods;
			sourceTree = "<group>";
		};
		944687069EF647C740574323 /* Frameworks */ = {
			isa = PBXGroup;
			children = (
				2BA01BA828F7DF2E007ACAC8 /* CoreData.framework */,
				1DA745B628DEDA20000D6FC8 /* LocalAuthentication.framework */,
				248BFF5B416AF1B608807275 /* Pods_SpaceXFanApplication.framework */,
			);
			name = Frameworks;
			sourceTree = "<group>";
		};
/* End PBXGroup section */

/* Begin PBXNativeTarget section */
		1DA7458D28DED4B6000D6FC8 /* SpaceXFanApplication */ = {
			isa = PBXNativeTarget;
			buildConfigurationList = 1DA745A228DED4B8000D6FC8 /* Build configuration list for PBXNativeTarget "SpaceXFanApplication" */;
			buildPhases = (
				8939DC43EFD0626107E05032 /* [CP] Check Pods Manifest.lock */,
				1DA7458A28DED4B6000D6FC8 /* Sources */,
				1DA7458B28DED4B6000D6FC8 /* Frameworks */,
				1DA7458C28DED4B6000D6FC8 /* Resources */,
				3826F0B529E4D92BCEBF87EC /* [CP] Embed Pods Frameworks */,
			);
			buildRules = (
			);
			dependencies = (
			);
			name = SpaceXFanApplication;
			productName = SpaceXFanApplication;
			productReference = 1DA7458E28DED4B6000D6FC8 /* SpaceXFanApplication.app */;
			productType = "com.apple.product-type.application";
		};
/* End PBXNativeTarget section */

/* Begin PBXProject section */
		1DA7458628DED4B6000D6FC8 /* Project object */ = {
			isa = PBXProject;
			attributes = {
				BuildIndependentTargetsInParallel = 1;
				LastSwiftUpdateCheck = 1320;
				LastUpgradeCheck = 1320;
				TargetAttributes = {
					1DA7458D28DED4B6000D6FC8 = {
						CreatedOnToolsVersion = 13.2.1;
					};
				};
			};
			buildConfigurationList = 1DA7458928DED4B6000D6FC8 /* Build configuration list for PBXProject "SpaceXFanApplication" */;
			compatibilityVersion = "Xcode 13.0";
			developmentRegion = en;
			hasScannedForEncodings = 0;
			knownRegions = (
				en,
				Base,
			);
			mainGroup = 1DA7458528DED4B6000D6FC8;
			productRefGroup = 1DA7458F28DED4B6000D6FC8 /* Products */;
			projectDirPath = "";
			projectRoot = "";
			targets = (
				1DA7458D28DED4B6000D6FC8 /* SpaceXFanApplication */,
			);
		};
/* End PBXProject section */

/* Begin PBXResourcesBuildPhase section */
		1DA7458C28DED4B6000D6FC8 /* Resources */ = {
			isa = PBXResourcesBuildPhase;
			buildActionMask = 2147483647;
			files = (
				2BA01B9728F7C59A007ACAC8 /* Roboto-Thin.ttf in Resources */,
				2BA01B9328F7C59A007ACAC8 /* Roboto-ThinItalic.ttf in Resources */,
				2BA01B9128F7C59A007ACAC8 /* Roboto-Medium.ttf in Resources */,
				2BA01B9628F7C59A007ACAC8 /* Roboto-LightItalic.ttf in Resources */,
				2BA01B8E28F7C59A007ACAC8 /* Roboto-Bold.ttf in Resources */,
				2BA01B9028F7C59A007ACAC8 /* Roboto-Italic.ttf in Resources */,
				2BA01B8D28F7C59A007ACAC8 /* Roboto-Regular.ttf in Resources */,
				1DA7459E28DED4B8000D6FC8 /* LaunchScreen.storyboard in Resources */,
				1DA7459B28DED4B8000D6FC8 /* Assets.xcassets in Resources */,
				2BA01B9228F7C59A007ACAC8 /* Roboto-BlackItalic.ttf in Resources */,
				2BA01B8F28F7C59A007ACAC8 /* Roboto-MediumItalic.ttf in Resources */,
				2B20B9BA28FB00DE00C988CE /* GoogleService-Info.plist in Resources */,
				2BA01B9428F7C59A007ACAC8 /* Roboto-Black.ttf in Resources */,
				2BA01B9828F7C59A007ACAC8 /* Roboto-Light.ttf in Resources */,
				1DA7459928DED4B6000D6FC8 /* Main.storyboard in Resources */,
				1DBCB8BB28E052200017980D /* Detailboard.storyboard in Resources */,
				2BA01B9528F7C59A007ACAC8 /* Roboto-BoldItalic.ttf in Resources */,
				1DA745B128DED70F000D6FC8 /* DashBoard.storyboard in Resources */,
			);
			runOnlyForDeploymentPostprocessing = 0;
		};
/* End PBXResourcesBuildPhase section */

/* Begin PBXShellScriptBuildPhase section */
		3826F0B529E4D92BCEBF87EC /* [CP] Embed Pods Frameworks */ = {
			isa = PBXShellScriptBuildPhase;
			buildActionMask = 2147483647;
			files = (
			);
			inputFileListPaths = (
				"${PODS_ROOT}/Target Support Files/Pods-SpaceXFanApplication/Pods-SpaceXFanApplication-frameworks-${CONFIGURATION}-input-files.xcfilelist",
			);
			name = "[CP] Embed Pods Frameworks";
			outputFileListPaths = (
				"${PODS_ROOT}/Target Support Files/Pods-SpaceXFanApplication/Pods-SpaceXFanApplication-frameworks-${CONFIGURATION}-output-files.xcfilelist",
			);
			runOnlyForDeploymentPostprocessing = 0;
			shellPath = /bin/sh;
			shellScript = "\"${PODS_ROOT}/Target Support Files/Pods-SpaceXFanApplication/Pods-SpaceXFanApplication-frameworks.sh\"\n";
			showEnvVarsInLog = 0;
		};
		8939DC43EFD0626107E05032 /* [CP] Check Pods Manifest.lock */ = {
			isa = PBXShellScriptBuildPhase;
			buildActionMask = 2147483647;
			files = (
			);
			inputFileListPaths = (
			);
			inputPaths = (
				"${PODS_PODFILE_DIR_PATH}/Podfile.lock",
				"${PODS_ROOT}/Manifest.lock",
			);
			name = "[CP] Check Pods Manifest.lock";
			outputFileListPaths = (
			);
			outputPaths = (
				"$(DERIVED_FILE_DIR)/Pods-SpaceXFanApplication-checkManifestLockResult.txt",
			);
			runOnlyForDeploymentPostprocessing = 0;
			shellPath = /bin/sh;
			shellScript = "diff \"${PODS_PODFILE_DIR_PATH}/Podfile.lock\" \"${PODS_ROOT}/Manifest.lock\" > /dev/null\nif [ $? != 0 ] ; then\n    # print error to STDERR\n    echo \"error: The sandbox is not in sync with the Podfile.lock. Run 'pod install' or update your CocoaPods installation.\" >&2\n    exit 1\nfi\n# This output is used by Xcode 'outputs' to avoid re-running this script phase.\necho \"SUCCESS\" > \"${SCRIPT_OUTPUT_FILE_0}\"\n";
			showEnvVarsInLog = 0;
		};
/* End PBXShellScriptBuildPhase section */

/* Begin PBXSourcesBuildPhase section */
		1DA7458A28DED4B6000D6FC8 /* Sources */ = {
			isa = PBXSourcesBuildPhase;
			buildActionMask = 2147483647;
			files = (
				2B66465C28FF5AA900E89A87 /* UpcomingViewModel.swift in Sources */,
				1DB6286528DF7DB200B9F6F5 /* UpComingList_ViewController.swift in Sources */,
				2B66465828FF52E500E89A87 /* Constants.swift in Sources */,
				1DBCB8B728E043630017980D /* FavouriteList_Cell.swift in Sources */,
				1DB6286328DF7D9500B9F6F5 /* FavouriteList_ViewController.swift in Sources */,
				2B6D6CDE28FB08C200E6ED40 /* Register_ViewController.swift in Sources */,
				1DB6286128DF7B1E00B9F6F5 /* RocketList_ViewController.swift in Sources */,
				2BA01BA328F7DE33007ACAC8 /* FavouriteRocketData+CoreDataClass.swift in Sources */,
				1DA745B328DED83D000D6FC8 /* Login_ViewController.swift in Sources */,
				1DA745B528DED86B000D6FC8 /* Dashboard_ViewController.swift in Sources */,
				2B60A74228FBAAFA00D42F6C /* SceneDelegate.swift in Sources */,
				2BA01B7B28F7C42A007ACAC8 /* RocketDataViewModel.swift in Sources */,
				2BA01B7F28F7C44C007ACAC8 /* RocketDataModel.swift in Sources */,
				2BA01BA428F7DE33007ACAC8 /* FavouriteRocketData+CoreDataProperties.swift in Sources */,
				2B51606128FF04140070E3E6 /* UpcomingModel.swift in Sources */,
				2BA01BA728F7DE5A007ACAC8 /* FavouriteRocketData.xcdatamodeld in Sources */,
				1D77BF0928E0413D00F0AD2A /* RocketList_Cell.swift in Sources */,
				1DA7459228DED4B6000D6FC8 /* AppDelegate.swift in Sources */,
				2B2B747528FC1866006E8545 /* RocketDetail_ViewController.swift in Sources */,
				2B66465A28FF53AB00E89A87 /* APIPostString.swift in Sources */,
				1DBCB8B928E043850017980D /* UpComingList_Cell.swift in Sources */,
				1DDC577028DF2C97002EA24C /* UIColor.swift in Sources */,
				2BA01B7C28F7C42A007ACAC8 /* DatabaseHelper.swift in Sources */,
				2B29512028FAA75500401D0E /* BSValidations.swift in Sources */,
			);
			runOnlyForDeploymentPostprocessing = 0;
		};
/* End PBXSourcesBuildPhase section */

/* Begin PBXVariantGroup section */
		1DA7459728DED4B6000D6FC8 /* Main.storyboard */ = {
			isa = PBXVariantGroup;
			children = (
				1DA7459828DED4B6000D6FC8 /* Base */,
			);
			name = Main.storyboard;
			sourceTree = "<group>";
		};
		1DA7459C28DED4B8000D6FC8 /* LaunchScreen.storyboard */ = {
			isa = PBXVariantGroup;
			children = (
				1DA7459D28DED4B8000D6FC8 /* Base */,
			);
			name = LaunchScreen.storyboard;
			sourceTree = "<group>";
		};
/* End PBXVariantGroup section */

/* Begin XCBuildConfiguration section */
		1DA745A028DED4B8000D6FC8 /* Debug */ = {
			isa = XCBuildConfiguration;
			buildSettings = {
				ALWAYS_SEARCH_USER_PATHS = NO;
				CLANG_ANALYZER_NONNULL = YES;
				CLANG_ANALYZER_NUMBER_OBJECT_CONVERSION = YES_AGGRESSIVE;
				CLANG_CXX_LANGUAGE_STANDARD = "gnu++17";
				CLANG_CXX_LIBRARY = "libc++";
				CLANG_ENABLE_MODULES = YES;
				CLANG_ENABLE_OBJC_ARC = YES;
				CLANG_ENABLE_OBJC_WEAK = YES;
				CLANG_WARN_BLOCK_CAPTURE_AUTORELEASING = YES;
				CLANG_WARN_BOOL_CONVERSION = YES;
				CLANG_WARN_COMMA = YES;
				CLANG_WARN_CONSTANT_CONVERSION = YES;
				CLANG_WARN_DEPRECATED_OBJC_IMPLEMENTATIONS = YES;
				CLANG_WARN_DIRECT_OBJC_ISA_USAGE = YES_ERROR;
				CLANG_WARN_DOCUMENTATION_COMMENTS = YES;
				CLANG_WARN_EMPTY_BODY = YES;
				CLANG_WARN_ENUM_CONVERSION = YES;
				CLANG_WARN_INFINITE_RECURSION = YES;
				CLANG_WARN_INT_CONVERSION = YES;
				CLANG_WARN_NON_LITERAL_NULL_CONVERSION = YES;
				CLANG_WARN_OBJC_IMPLICIT_RETAIN_SELF = YES;
				CLANG_WARN_OBJC_LITERAL_CONVERSION = YES;
				CLANG_WARN_OBJC_ROOT_CLASS = YES_ERROR;
				CLANG_WARN_QUOTED_INCLUDE_IN_FRAMEWORK_HEADER = YES;
				CLANG_WARN_RANGE_LOOP_ANALYSIS = YES;
				CLANG_WARN_STRICT_PROTOTYPES = YES;
				CLANG_WARN_SUSPICIOUS_MOVE = YES;
				CLANG_WARN_UNGUARDED_AVAILABILITY = YES_AGGRESSIVE;
				CLANG_WARN_UNREACHABLE_CODE = YES;
				CLANG_WARN__DUPLICATE_METHOD_MATCH = YES;
				CODE_SIGN_IDENTITY = "iPhone Developer: Viki Bharti (2SDZ789FRL)";
				COPY_PHASE_STRIP = NO;
				DEBUG_INFORMATION_FORMAT = dwarf;
				ENABLE_STRICT_OBJC_MSGSEND = YES;
				ENABLE_TESTABILITY = YES;
				GCC_C_LANGUAGE_STANDARD = gnu11;
				GCC_DYNAMIC_NO_PIC = NO;
				GCC_NO_COMMON_BLOCKS = YES;
				GCC_OPTIMIZATION_LEVEL = 0;
				GCC_PREPROCESSOR_DEFINITIONS = (
					"DEBUG=1",
					"$(inherited)",
				);
				GCC_WARN_64_TO_32_BIT_CONVERSION = YES;
				GCC_WARN_ABOUT_RETURN_TYPE = YES_ERROR;
				GCC_WARN_UNDECLARED_SELECTOR = YES;
				GCC_WARN_UNINITIALIZED_AUTOS = YES_AGGRESSIVE;
				GCC_WARN_UNUSED_FUNCTION = YES;
				GCC_WARN_UNUSED_VARIABLE = YES;
				IPHONEOS_DEPLOYMENT_TARGET = 13.6;
				MTL_ENABLE_DEBUG_INFO = INCLUDE_SOURCE;
				MTL_FAST_MATH = YES;
				ONLY_ACTIVE_ARCH = YES;
				SDKROOT = iphoneos;
				SWIFT_ACTIVE_COMPILATION_CONDITIONS = DEBUG;
				SWIFT_OPTIMIZATION_LEVEL = "-Onone";
			};
			name = Debug;
		};
		1DA745A128DED4B8000D6FC8 /* Release */ = {
			isa = XCBuildConfiguration;
			buildSettings = {
				ALWAYS_SEARCH_USER_PATHS = NO;
				CLANG_ANALYZER_NONNULL = YES;
				CLANG_ANALYZER_NUMBER_OBJECT_CONVERSION = YES_AGGRESSIVE;
				CLANG_CXX_LANGUAGE_STANDARD = "gnu++17";
				CLANG_CXX_LIBRARY = "libc++";
				CLANG_ENABLE_MODULES = YES;
				CLANG_ENABLE_OBJC_ARC = YES;
				CLANG_ENABLE_OBJC_WEAK = YES;
				CLANG_WARN_BLOCK_CAPTURE_AUTORELEASING = YES;
				CLANG_WARN_BOOL_CONVERSION = YES;
				CLANG_WARN_COMMA = YES;
				CLANG_WARN_CONSTANT_CONVERSION = YES;
				CLANG_WARN_DEPRECATED_OBJC_IMPLEMENTATIONS = YES;
				CLANG_WARN_DIRECT_OBJC_ISA_USAGE = YES_ERROR;
				CLANG_WARN_DOCUMENTATION_COMMENTS = YES;
				CLANG_WARN_EMPTY_BODY = YES;
				CLANG_WARN_ENUM_CONVERSION = YES;
				CLANG_WARN_INFINITE_RECURSION = YES;
				CLANG_WARN_INT_CONVERSION = YES;
				CLANG_WARN_NON_LITERAL_NULL_CONVERSION = YES;
				CLANG_WARN_OBJC_IMPLICIT_RETAIN_SELF = YES;
				CLANG_WARN_OBJC_LITERAL_CONVERSION = YES;
				CLANG_WARN_OBJC_ROOT_CLASS = YES_ERROR;
				CLANG_WARN_QUOTED_INCLUDE_IN_FRAMEWORK_HEADER = YES;
				CLANG_WARN_RANGE_LOOP_ANALYSIS = YES;
				CLANG_WARN_STRICT_PROTOTYPES = YES;
				CLANG_WARN_SUSPICIOUS_MOVE = YES;
				CLANG_WARN_UNGUARDED_AVAILABILITY = YES_AGGRESSIVE;
				CLANG_WARN_UNREACHABLE_CODE = YES;
				CLANG_WARN__DUPLICATE_METHOD_MATCH = YES;
				CODE_SIGN_IDENTITY = "iPhone Developer: Viki Bharti (2SDZ789FRL)";
				COPY_PHASE_STRIP = NO;
				DEBUG_INFORMATION_FORMAT = "dwarf-with-dsym";
				ENABLE_NS_ASSERTIONS = NO;
				ENABLE_STRICT_OBJC_MSGSEND = YES;
				GCC_C_LANGUAGE_STANDARD = gnu11;
				GCC_NO_COMMON_BLOCKS = YES;
				GCC_WARN_64_TO_32_BIT_CONVERSION = YES;
				GCC_WARN_ABOUT_RETURN_TYPE = YES_ERROR;
				GCC_WARN_UNDECLARED_SELECTOR = YES;
				GCC_WARN_UNINITIALIZED_AUTOS = YES_AGGRESSIVE;
				GCC_WARN_UNUSED_FUNCTION = YES;
				GCC_WARN_UNUSED_VARIABLE = YES;
				IPHONEOS_DEPLOYMENT_TARGET = 13.6;
				MTL_ENABLE_DEBUG_INFO = NO;
				MTL_FAST_MATH = YES;
				SDKROOT = iphoneos;
				SWIFT_COMPILATION_MODE = wholemodule;
				SWIFT_OPTIMIZATION_LEVEL = "-O";
				VALIDATE_PRODUCT = YES;
			};
			name = Release;
		};
		1DA745A328DED4B8000D6FC8 /* Debug */ = {
			isa = XCBuildConfiguration;
			baseConfigurationReference = 50A08F23DB7A3F530F1E192E /* Pods-SpaceXFanApplication.debug.xcconfig */;
			buildSettings = {
				ASSETCATALOG_COMPILER_APPICON_NAME = AppIcon;
				ASSETCATALOG_COMPILER_GLOBAL_ACCENT_COLOR_NAME = AccentColor;
				CODE_SIGN_IDENTITY = "iPhone Developer: Viki Bharti (2SDZ789FRL)";
				CODE_SIGN_STYLE = Manual;
				CURRENT_PROJECT_VERSION = 1;
				DEVELOPMENT_TEAM = 9G4Y3Q48LW;
				GENERATE_INFOPLIST_FILE = YES;
				INFOPLIST_FILE = SpaceXFanApplication/Info.plist;
				INFOPLIST_KEY_CFBundleDisplayName = "SpaceX Fan";
				INFOPLIST_KEY_UIApplicationSupportsIndirectInputEvents = YES;
				INFOPLIST_KEY_UILaunchStoryboardName = LaunchScreen;
				INFOPLIST_KEY_UIMainStoryboardFile = Main;
				INFOPLIST_KEY_UISupportedInterfaceOrientations = UIInterfaceOrientationPortrait;
				INFOPLIST_KEY_UISupportedInterfaceOrientations_iPad = "UIInterfaceOrientationLandscapeLeft UIInterfaceOrientationLandscapeRight UIInterfaceOrientationPortrait UIInterfaceOrientationPortraitUpsideDown";
				IPHONEOS_DEPLOYMENT_TARGET = 13.6;
				LD_RUNPATH_SEARCH_PATHS = (
					"$(inherited)",
					"@executable_path/Frameworks",
				);
				MARKETING_VERSION = 1.0;
				PRODUCT_BUNDLE_IDENTIFIER = com.vestel.spacexfan;
				PRODUCT_NAME = "$(TARGET_NAME)";
				PROVISIONING_PROFILE_SPECIFIER = "DIMS Engineer Testing";
				SWIFT_EMIT_LOC_STRINGS = YES;
				SWIFT_VERSION = 5.0;
				TARGETED_DEVICE_FAMILY = 1;
			};
			name = Debug;
		};
		1DA745A428DED4B8000D6FC8 /* Release */ = {
			isa = XCBuildConfiguration;
			baseConfigurationReference = 400B426E3854115E2A444B34 /* Pods-SpaceXFanApplication.release.xcconfig */;
			buildSettings = {
				ASSETCATALOG_COMPILER_APPICON_NAME = AppIcon;
				ASSETCATALOG_COMPILER_GLOBAL_ACCENT_COLOR_NAME = AccentColor;
				CODE_SIGN_IDENTITY = "iPhone Developer: Viki Bharti (2SDZ789FRL)";
				CODE_SIGN_STYLE = Manual;
				CURRENT_PROJECT_VERSION = 1;
				DEVELOPMENT_TEAM = 9G4Y3Q48LW;
				GENERATE_INFOPLIST_FILE = YES;
				INFOPLIST_FILE = SpaceXFanApplication/Info.plist;
				INFOPLIST_KEY_CFBundleDisplayName = "SpaceX Fan";
				INFOPLIST_KEY_UIApplicationSupportsIndirectInputEvents = YES;
				INFOPLIST_KEY_UILaunchStoryboardName = LaunchScreen;
				INFOPLIST_KEY_UIMainStoryboardFile = Main;
				INFOPLIST_KEY_UISupportedInterfaceOrientations = UIInterfaceOrientationPortrait;
				INFOPLIST_KEY_UISupportedInterfaceOrientations_iPad = "UIInterfaceOrientationLandscapeLeft UIInterfaceOrientationLandscapeRight UIInterfaceOrientationPortrait UIInterfaceOrientationPortraitUpsideDown";
				IPHONEOS_DEPLOYMENT_TARGET = 13.6;
				LD_RUNPATH_SEARCH_PATHS = (
					"$(inherited)",
					"@executable_path/Frameworks",
				);
				MARKETING_VERSION = 1.0;
				PRODUCT_BUNDLE_IDENTIFIER = com.vestel.spacexfan;
				PRODUCT_NAME = "$(TARGET_NAME)";
				PROVISIONING_PROFILE_SPECIFIER = "DIMS Engineer Testing";
				SWIFT_EMIT_LOC_STRINGS = YES;
				SWIFT_VERSION = 5.0;
				TARGETED_DEVICE_FAMILY = 1;
			};
			name = Release;
		};
/* End XCBuildConfiguration section */

/* Begin XCConfigurationList section */
		1DA7458928DED4B6000D6FC8 /* Build configuration list for PBXProject "SpaceXFanApplication" */ = {
			isa = XCConfigurationList;
			buildConfigurations = (
				1DA745A028DED4B8000D6FC8 /* Debug */,
				1DA745A128DED4B8000D6FC8 /* Release */,
			);
			defaultConfigurationIsVisible = 0;
			defaultConfigurationName = Release;
		};
		1DA745A228DED4B8000D6FC8 /* Build configuration list for PBXNativeTarget "SpaceXFanApplication" */ = {
			isa = XCConfigurationList;
			buildConfigurations = (
				1DA745A328DED4B8000D6FC8 /* Debug */,
				1DA745A428DED4B8000D6FC8 /* Release */,
			);
			defaultConfigurationIsVisible = 0;
			defaultConfigurationName = Release;
		};
/* End XCConfigurationList section */

/* Begin XCVersionGroup section */
		2BA01BA528F7DE5A007ACAC8 /* FavouriteRocketData.xcdatamodeld */ = {
			isa = XCVersionGroup;
			children = (
				2BA01BA628F7DE5A007ACAC8 /* FavouriteRocketData.xcdatamodel */,
			);
			currentVersion = 2BA01BA628F7DE5A007ACAC8 /* FavouriteRocketData.xcdatamodel */;
			path = FavouriteRocketData.xcdatamodeld;
			sourceTree = "<group>";
			versionGroupType = wrapper.xcdatamodel;
		};
/* End XCVersionGroup section */
	};
	rootObject = 1DA7458628DED4B6000D6FC8 /* Project object */;
}
