// !$*UTF8*$!
{
	archiveVersion = 1;
	classes = {
	};
	objectVersion = 55;
	objects = {

/* Begin PBXBuildFile section */
		1D95A7B628DE19BB001994EB /* AppDelegate.swift in Sources */ = {isa = PBXBuildFile; fileRef = 1D95A7B528DE19BB001994EB /* AppDelegate.swift */; };
		1D95A7B828DE19BB001994EB /* SceneDelegate.swift in Sources */ = {isa = PBXBuildFile; fileRef = 1D95A7B728DE19BB001994EB /* SceneDelegate.swift */; };
		1D95A7BA28DE19BB001994EB /* ViewController.swift in Sources */ = {isa = PBXBuildFile; fileRef = 1D95A7B928DE19BB001994EB /* ViewController.swift */; };
		1D95A7BD28DE19BB001994EB /* Main.storyboard in Resources */ = {isa = PBXBuildFile; fileRef = 1D95A7BB28DE19BB001994EB /* Main.storyboard */; };
		1D95A7C028DE19BB001994EB /* SpaceX_Fan_Application.xcdatamodeld in Sources */ = {isa = PBXBuildFile; fileRef = 1D95A7BE28DE19BB001994EB /* SpaceX_Fan_Application.xcdatamodeld */; };
		1D95A7C228DE19BD001994EB /* Assets.xcassets in Resources */ = {isa = PBXBuildFile; fileRef = 1D95A7C128DE19BD001994EB /* Assets.xcassets */; };
		1D95A7C528DE19BD001994EB /* LaunchScreen.storyboard in Resources */ = {isa = PBXBuildFile; fileRef = 1D95A7C328DE19BD001994EB /* LaunchScreen.storyboard */; };
		1D95A7D028DE19BD001994EB /* SpaceX_Fan_ApplicationTests.swift in Sources */ = {isa = PBXBuildFile; fileRef = 1D95A7CF28DE19BD001994EB /* SpaceX_Fan_ApplicationTests.swift */; };
		1D95A7DA28DE19BD001994EB /* SpaceX_Fan_ApplicationUITests.swift in Sources */ = {isa = PBXBuildFile; fileRef = 1D95A7D928DE19BD001994EB /* SpaceX_Fan_ApplicationUITests.swift */; };
		1D95A7DC28DE19BD001994EB /* SpaceX_Fan_ApplicationUITestsLaunchTests.swift in Sources */ = {isa = PBXBuildFile; fileRef = 1D95A7DB28DE19BD001994EB /* SpaceX_Fan_ApplicationUITestsLaunchTests.swift */; };
/* End PBXBuildFile section */

/* Begin PBXContainerItemProxy section */
		1D95A7CC28DE19BD001994EB /* PBXContainerItemProxy */ = {
			isa = PBXContainerItemProxy;
			containerPortal = 1D95A7AA28DE19BB001994EB /* Project object */;
			proxyType = 1;
			remoteGlobalIDString = 1D95A7B128DE19BB001994EB;
			remoteInfo = "SpaceX Fan Application";
		};
		1D95A7D628DE19BD001994EB /* PBXContainerItemProxy */ = {
			isa = PBXContainerItemProxy;
			containerPortal = 1D95A7AA28DE19BB001994EB /* Project object */;
			proxyType = 1;
			remoteGlobalIDString = 1D95A7B128DE19BB001994EB;
			remoteInfo = "SpaceX Fan Application";
		};
/* End PBXContainerItemProxy section */

/* Begin PBXFileReference section */
		1D95A7B228DE19BB001994EB /* SpaceX Fan Application.app */ = {isa = PBXFileReference; explicitFileType = wrapper.application; includeInIndex = 0; path = "SpaceX Fan Application.app"; sourceTree = BUILT_PRODUCTS_DIR; };
		1D95A7B528DE19BB001994EB /* AppDelegate.swift */ = {isa = PBXFileReference; lastKnownFileType = sourcecode.swift; path = AppDelegate.swift; sourceTree = "<group>"; };
		1D95A7B728DE19BB001994EB /* SceneDelegate.swift */ = {isa = PBXFileReference; lastKnownFileType = sourcecode.swift; path = SceneDelegate.swift; sourceTree = "<group>"; };
		1D95A7B928DE19BB001994EB /* ViewController.swift */ = {isa = PBXFileReference; lastKnownFileType = sourcecode.swift; path = ViewController.swift; sourceTree = "<group>"; };
		1D95A7BC28DE19BB001994EB /* Base */ = {isa = PBXFileReference; lastKnownFileType = file.storyboard; name = Base; path = Base.lproj/Main.storyboard; sourceTree = "<group>"; };
		1D95A7BF28DE19BB001994EB /* SpaceX_Fan_Application.xcdatamodel */ = {isa = PBXFileReference; lastKnownFileType = wrapper.xcdatamodel; path = SpaceX_Fan_Application.xcdatamodel; sourceTree = "<group>"; };
		1D95A7C128DE19BD001994EB /* Assets.xcassets */ = {isa = PBXFileReference; lastKnownFileType = folder.assetcatalog; path = Assets.xcassets; sourceTree = "<group>"; };
		1D95A7C428DE19BD001994EB /* Base */ = {isa = PBXFileReference; lastKnownFileType = file.storyboard; name = Base; path = Base.lproj/LaunchScreen.storyboard; sourceTree = "<group>"; };
		1D95A7C628DE19BD001994EB /* Info.plist */ = {isa = PBXFileReference; lastKnownFileType = text.plist.xml; path = Info.plist; sourceTree = "<group>"; };
		1D95A7CB28DE19BD001994EB /* SpaceX Fan ApplicationTests.xctest */ = {isa = PBXFileReference; explicitFileType = wrapper.cfbundle; includeInIndex = 0; path = "SpaceX Fan ApplicationTests.xctest"; sourceTree = BUILT_PRODUCTS_DIR; };
		1D95A7CF28DE19BD001994EB /* SpaceX_Fan_ApplicationTests.swift */ = {isa = PBXFileReference; lastKnownFileType = sourcecode.swift; path = SpaceX_Fan_ApplicationTests.swift; sourceTree = "<group>"; };
		1D95A7D528DE19BD001994EB /* SpaceX Fan ApplicationUITests.xctest */ = {isa = PBXFileReference; explicitFileType = wrapper.cfbundle; includeInIndex = 0; path = "SpaceX Fan ApplicationUITests.xctest"; sourceTree = BUILT_PRODUCTS_DIR; };
		1D95A7D928DE19BD001994EB /* SpaceX_Fan_ApplicationUITests.swift */ = {isa = PBXFileReference; lastKnownFileType = sourcecode.swift; path = SpaceX_Fan_ApplicationUITests.swift; sourceTree = "<group>"; };
		1D95A7DB28DE19BD001994EB /* SpaceX_Fan_ApplicationUITestsLaunchTests.swift */ = {isa = PBXFileReference; lastKnownFileType = sourcecode.swift; path = SpaceX_Fan_ApplicationUITestsLaunchTests.swift; sourceTree = "<group>"; };
/* End PBXFileReference section */

/* Begin PBXFrameworksBuildPhase section */
		1D95A7AF28DE19BB001994EB /* Frameworks */ = {
			isa = PBXFrameworksBuildPhase;
			buildActionMask = 2147483647;
			files = (
			);
			runOnlyForDeploymentPostprocessing = 0;
		};
		1D95A7C828DE19BD001994EB /* Frameworks */ = {
			isa = PBXFrameworksBuildPhase;
			buildActionMask = 2147483647;
			files = (
			);
			runOnlyForDeploymentPostprocessing = 0;
		};
		1D95A7D228DE19BD001994EB /* Frameworks */ = {
			isa = PBXFrameworksBuildPhase;
			buildActionMask = 2147483647;
			files = (
			);
			runOnlyForDeploymentPostprocessing = 0;
		};
/* End PBXFrameworksBuildPhase section */

/* Begin PBXGroup section */
		1D95A7A928DE19BB001994EB = {
			isa = PBXGroup;
			children = (
				1D95A7B428DE19BB001994EB /* SpaceX Fan Application */,
				1D95A7CE28DE19BD001994EB /* SpaceX Fan ApplicationTests */,
				1D95A7D828DE19BD001994EB /* SpaceX Fan ApplicationUITests */,
				1D95A7B328DE19BB001994EB /* Products */,
			);
			sourceTree = "<group>";
		};
		1D95A7B328DE19BB001994EB /* Products */ = {
			isa = PBXGroup;
			children = (
				1D95A7B228DE19BB001994EB /* SpaceX Fan Application.app */,
				1D95A7CB28DE19BD001994EB /* SpaceX Fan ApplicationTests.xctest */,
				1D95A7D528DE19BD001994EB /* SpaceX Fan ApplicationUITests.xctest */,
			);
			name = Products;
			sourceTree = "<group>";
		};
		1D95A7B428DE19BB001994EB /* SpaceX Fan Application */ = {
			isa = PBXGroup;
			children = (
				1D95A7B528DE19BB001994EB /* AppDelegate.swift */,
				1D95A7B728DE19BB001994EB /* SceneDelegate.swift */,
				1D95A7B928DE19BB001994EB /* ViewController.swift */,
				1D95A7BB28DE19BB001994EB /* Main.storyboard */,
				1D95A7C128DE19BD001994EB /* Assets.xcassets */,
				1D95A7C328DE19BD001994EB /* LaunchScreen.storyboard */,
				1D95A7C628DE19BD001994EB /* Info.plist */,
				1D95A7BE28DE19BB001994EB /* SpaceX_Fan_Application.xcdatamodeld */,
			);
			path = "SpaceX Fan Application";
			sourceTree = "<group>";
		};
		1D95A7CE28DE19BD001994EB /* SpaceX Fan ApplicationTests */ = {
			isa = PBXGroup;
			children = (
				1D95A7CF28DE19BD001994EB /* SpaceX_Fan_ApplicationTests.swift */,
			);
			path = "SpaceX Fan ApplicationTests";
			sourceTree = "<group>";
		};
		1D95A7D828DE19BD001994EB /* SpaceX Fan ApplicationUITests */ = {
			isa = PBXGroup;
			children = (
				1D95A7D928DE19BD001994EB /* SpaceX_Fan_ApplicationUITests.swift */,
				1D95A7DB28DE19BD001994EB /* SpaceX_Fan_ApplicationUITestsLaunchTests.swift */,
			);
			path = "SpaceX Fan ApplicationUITests";
			sourceTree = "<group>";
		};
/* End PBXGroup section */

/* Begin PBXNativeTarget section */
		1D95A7B128DE19BB001994EB /* SpaceX Fan Application */ = {
			isa = PBXNativeTarget;
			buildConfigurationList = 1D95A7DF28DE19BD001994EB /* Build configuration list for PBXNativeTarget "SpaceX Fan Application" */;
			buildPhases = (
				1D95A7AE28DE19BB001994EB /* Sources */,
				1D95A7AF28DE19BB001994EB /* Frameworks */,
				1D95A7B028DE19BB001994EB /* Resources */,
			);
			buildRules = (
			);
			dependencies = (
			);
			name = "SpaceX Fan Application";
			productName = "SpaceX Fan Application";
			productReference = 1D95A7B228DE19BB001994EB /* SpaceX Fan Application.app */;
			productType = "com.apple.product-type.application";
		};
		1D95A7CA28DE19BD001994EB /* SpaceX Fan ApplicationTests */ = {
			isa = PBXNativeTarget;
			buildConfigurationList = 1D95A7E228DE19BD001994EB /* Build configuration list for PBXNativeTarget "SpaceX Fan ApplicationTests" */;
			buildPhases = (
				1D95A7C728DE19BD001994EB /* Sources */,
				1D95A7C828DE19BD001994EB /* Frameworks */,
				1D95A7C928DE19BD001994EB /* Resources */,
			);
			buildRules = (
			);
			dependencies = (
				1D95A7CD28DE19BD001994EB /* PBXTargetDependency */,
			);
			name = "SpaceX Fan ApplicationTests";
			productName = "SpaceX Fan ApplicationTests";
			productReference = 1D95A7CB28DE19BD001994EB /* SpaceX Fan ApplicationTests.xctest */;
			productType = "com.apple.product-type.bundle.unit-test";
		};
		1D95A7D428DE19BD001994EB /* SpaceX Fan ApplicationUITests */ = {
			isa = PBXNativeTarget;
			buildConfigurationList = 1D95A7E528DE19BD001994EB /* Build configuration list for PBXNativeTarget "SpaceX Fan ApplicationUITests" */;
			buildPhases = (
				1D95A7D128DE19BD001994EB /* Sources */,
				1D95A7D228DE19BD001994EB /* Frameworks */,
				1D95A7D328DE19BD001994EB /* Resources */,
			);
			buildRules = (
			);
			dependencies = (
				1D95A7D728DE19BD001994EB /* PBXTargetDependency */,
			);
			name = "SpaceX Fan ApplicationUITests";
			productName = "SpaceX Fan ApplicationUITests";
			productReference = 1D95A7D528DE19BD001994EB /* SpaceX Fan ApplicationUITests.xctest */;
			productType = "com.apple.product-type.bundle.ui-testing";
		};
/* End PBXNativeTarget section */

/* Begin PBXProject section */
		1D95A7AA28DE19BB001994EB /* Project object */ = {
			isa = PBXProject;
			attributes = {
				BuildIndependentTargetsInParallel = 1;
				LastSwiftUpdateCheck = 1320;
				LastUpgradeCheck = 1320;
				TargetAttributes = {
					1D95A7B128DE19BB001994EB = {
						CreatedOnToolsVersion = 13.2.1;
					};
					1D95A7CA28DE19BD001994EB = {
						CreatedOnToolsVersion = 13.2.1;
						TestTargetID = 1D95A7B128DE19BB001994EB;
					};
					1D95A7D428DE19BD001994EB = {
						CreatedOnToolsVersion = 13.2.1;
						TestTargetID = 1D95A7B128DE19BB001994EB;
					};
				};
			};
			buildConfigurationList = 1D95A7AD28DE19BB001994EB /* Build configuration list for PBXProject "SpaceX Fan Application" */;
			compatibilityVersion = "Xcode 13.0";
			developmentRegion = en;
			hasScannedForEncodings = 0;
			knownRegions = (
				en,
				Base,
			);
			mainGroup = 1D95A7A928DE19BB001994EB;
			productRefGroup = 1D95A7B328DE19BB001994EB /* Products */;
			projectDirPath = "";
			projectRoot = "";
			targets = (
				1D95A7B128DE19BB001994EB /* SpaceX Fan Application */,
				1D95A7CA28DE19BD001994EB /* SpaceX Fan ApplicationTests */,
				1D95A7D428DE19BD001994EB /* SpaceX Fan ApplicationUITests */,
			);
		};
/* End PBXProject section */

/* Begin PBXResourcesBuildPhase section */
		1D95A7B028DE19BB001994EB /* Resources */ = {
			isa = PBXResourcesBuildPhase;
			buildActionMask = 2147483647;
			files = (
				1D95A7C528DE19BD001994EB /* LaunchScreen.storyboard in Resources */,
				1D95A7C228DE19BD001994EB /* Assets.xcassets in Resources */,
				1D95A7BD28DE19BB001994EB /* Main.storyboard in Resources */,
			);
			runOnlyForDeploymentPostprocessing = 0;
		};
		1D95A7C928DE19BD001994EB /* Resources */ = {
			isa = PBXResourcesBuildPhase;
			buildActionMask = 2147483647;
			files = (
			);
			runOnlyForDeploymentPostprocessing = 0;
		};
		1D95A7D328DE19BD001994EB /* Resources */ = {
			isa = PBXResourcesBuildPhase;
			buildActionMask = 2147483647;
			files = (
			);
			runOnlyForDeploymentPostprocessing = 0;
		};
/* End PBXResourcesBuildPhase section */

/* Begin PBXSourcesBuildPhase section */
		1D95A7AE28DE19BB001994EB /* Sources */ = {
			isa = PBXSourcesBuildPhase;
			buildActionMask = 2147483647;
			files = (
				1D95A7BA28DE19BB001994EB /* ViewController.swift in Sources */,
				1D95A7B628DE19BB001994EB /* AppDelegate.swift in Sources */,
				1D95A7C028DE19BB001994EB /* SpaceX_Fan_Application.xcdatamodeld in Sources */,
				1D95A7B828DE19BB001994EB /* SceneDelegate.swift in Sources */,
			);
			runOnlyForDeploymentPostprocessing = 0;
		};
		1D95A7C728DE19BD001994EB /* Sources */ = {
			isa = PBXSourcesBuildPhase;
			buildActionMask = 2147483647;
			files = (
				1D95A7D028DE19BD001994EB /* SpaceX_Fan_ApplicationTests.swift in Sources */,
			);
			runOnlyForDeploymentPostprocessing = 0;
		};
		1D95A7D128DE19BD001994EB /* Sources */ = {
			isa = PBXSourcesBuildPhase;
			buildActionMask = 2147483647;
			files = (
				1D95A7DA28DE19BD001994EB /* SpaceX_Fan_ApplicationUITests.swift in Sources */,
				1D95A7DC28DE19BD001994EB /* SpaceX_Fan_ApplicationUITestsLaunchTests.swift in Sources */,
			);
			runOnlyForDeploymentPostprocessing = 0;
		};
/* End PBXSourcesBuildPhase section */

/* Begin PBXTargetDependency section */
		1D95A7CD28DE19BD001994EB /* PBXTargetDependency */ = {
			isa = PBXTargetDependency;
			target = 1D95A7B128DE19BB001994EB /* SpaceX Fan Application */;
			targetProxy = 1D95A7CC28DE19BD001994EB /* PBXContainerItemProxy */;
		};
		1D95A7D728DE19BD001994EB /* PBXTargetDependency */ = {
			isa = PBXTargetDependency;
			target = 1D95A7B128DE19BB001994EB /* SpaceX Fan Application */;
			targetProxy = 1D95A7D628DE19BD001994EB /* PBXContainerItemProxy */;
		};
/* End PBXTargetDependency section */

/* Begin PBXVariantGroup section */
		1D95A7BB28DE19BB001994EB /* Main.storyboard */ = {
			isa = PBXVariantGroup;
			children = (
				1D95A7BC28DE19BB001994EB /* Base */,
			);
			name = Main.storyboard;
			sourceTree = "<group>";
		};
		1D95A7C328DE19BD001994EB /* LaunchScreen.storyboard */ = {
			isa = PBXVariantGroup;
			children = (
				1D95A7C428DE19BD001994EB /* Base */,
			);
			name = LaunchScreen.storyboard;
			sourceTree = "<group>";
		};
/* End PBXVariantGroup section */

/* Begin XCBuildConfiguration section */
		1D95A7DD28DE19BD001994EB /* Debug */ = {
			isa = XCBuildConfiguration;
			buildSettings = {
				ALWAYS_SEARCH_USER_PATHS = NO;
				CLANG_ANALYZER_NONNULL = YES;
				CLANG_ANALYZER_NUMBER_OBJECT_CONVERSION = YES_AGGRESSIVE;
				CLANG_CXX_LANGUAGE_STANDARD = "gnu++17";
				CLANG_CXX_LIBRARY = "libc++";
				CLANG_ENABLE_MODULES = YES;
				CLANG_ENABLE_OBJC_ARC = YES;
				CLANG_ENABLE_OBJC_WEAK = YES;
				CLANG_WARN_BLOCK_CAPTURE_AUTORELEASING = YES;
				CLANG_WARN_BOOL_CONVERSION = YES;
				CLANG_WARN_COMMA = YES;
				CLANG_WARN_CONSTANT_CONVERSION = YES;
				CLANG_WARN_DEPRECATED_OBJC_IMPLEMENTATIONS = YES;
				CLANG_WARN_DIRECT_OBJC_ISA_USAGE = YES_ERROR;
				CLANG_WARN_DOCUMENTATION_COMMENTS = YES;
				CLANG_WARN_EMPTY_BODY = YES;
				CLANG_WARN_ENUM_CONVERSION = YES;
				CLANG_WARN_INFINITE_RECURSION = YES;
				CLANG_WARN_INT_CONVERSION = YES;
				CLANG_WARN_NON_LITERAL_NULL_CONVERSION = YES;
				CLANG_WARN_OBJC_IMPLICIT_RETAIN_SELF = YES;
				CLANG_WARN_OBJC_LITERAL_CONVERSION = YES;
				CLANG_WARN_OBJC_ROOT_CLASS = YES_ERROR;
				CLANG_WARN_QUOTED_INCLUDE_IN_FRAMEWORK_HEADER = YES;
				CLANG_WARN_RANGE_LOOP_ANALYSIS = YES;
				CLANG_WARN_STRICT_PROTOTYPES = YES;
				CLANG_WARN_SUSPICIOUS_MOVE = YES;
				CLANG_WARN_UNGUARDED_AVAILABILITY = YES_AGGRESSIVE;
				CLANG_WARN_UNREACHABLE_CODE = YES;
				CLANG_WARN__DUPLICATE_METHOD_MATCH = YES;
				COPY_PHASE_STRIP = NO;
				DEBUG_INFORMATION_FORMAT = dwarf;
				ENABLE_STRICT_OBJC_MSGSEND = YES;
				ENABLE_TESTABILITY = YES;
				GCC_C_LANGUAGE_STANDARD = gnu11;
				GCC_DYNAMIC_NO_PIC = NO;
				GCC_NO_COMMON_BLOCKS = YES;
				GCC_OPTIMIZATION_LEVEL = 0;
				GCC_PREPROCESSOR_DEFINITIONS = (
					"DEBUG=1",
					"$(inherited)",
				);
				GCC_WARN_64_TO_32_BIT_CONVERSION = YES;
				GCC_WARN_ABOUT_RETURN_TYPE = YES_ERROR;
				GCC_WARN_UNDECLARED_SELECTOR = YES;
				GCC_WARN_UNINITIALIZED_AUTOS = YES_AGGRESSIVE;
				GCC_WARN_UNUSED_FUNCTION = YES;
				GCC_WARN_UNUSED_VARIABLE = YES;
				IPHONEOS_DEPLOYMENT_TARGET = 15.2;
				MTL_ENABLE_DEBUG_INFO = INCLUDE_SOURCE;
				MTL_FAST_MATH = YES;
				ONLY_ACTIVE_ARCH = YES;
				SDKROOT = iphoneos;
				SWIFT_ACTIVE_COMPILATION_CONDITIONS = DEBUG;
				SWIFT_OPTIMIZATION_LEVEL = "-Onone";
			};
			name = Debug;
		};
		1D95A7DE28DE19BD001994EB /* Release */ = {
			isa = XCBuildConfiguration;
			buildSettings = {
				ALWAYS_SEARCH_USER_PATHS = NO;
				CLANG_ANALYZER_NONNULL = YES;
				CLANG_ANALYZER_NUMBER_OBJECT_CONVERSION = YES_AGGRESSIVE;
				CLANG_CXX_LANGUAGE_STANDARD = "gnu++17";
				CLANG_CXX_LIBRARY = "libc++";
				CLANG_ENABLE_MODULES = YES;
				CLANG_ENABLE_OBJC_ARC = YES;
				CLANG_ENABLE_OBJC_WEAK = YES;
				CLANG_WARN_BLOCK_CAPTURE_AUTORELEASING = YES;
				CLANG_WARN_BOOL_CONVERSION = YES;
				CLANG_WARN_COMMA = YES;
				CLANG_WARN_CONSTANT_CONVERSION = YES;
				CLANG_WARN_DEPRECATED_OBJC_IMPLEMENTATIONS = YES;
				CLANG_WARN_DIRECT_OBJC_ISA_USAGE = YES_ERROR;
				CLANG_WARN_DOCUMENTATION_COMMENTS = YES;
				CLANG_WARN_EMPTY_BODY = YES;
				CLANG_WARN_ENUM_CONVERSION = YES;
				CLANG_WARN_INFINITE_RECURSION = YES;
				CLANG_WARN_INT_CONVERSION = YES;
				CLANG_WARN_NON_LITERAL_NULL_CONVERSION = YES;
				CLANG_WARN_OBJC_IMPLICIT_RETAIN_SELF = YES;
				CLANG_WARN_OBJC_LITERAL_CONVERSION = YES;
				CLANG_WARN_OBJC_ROOT_CLASS = YES_ERROR;
				CLANG_WARN_QUOTED_INCLUDE_IN_FRAMEWORK_HEADER = YES;
				CLANG_WARN_RANGE_LOOP_ANALYSIS = YES;
				CLANG_WARN_STRICT_PROTOTYPES = YES;
				CLANG_WARN_SUSPICIOUS_MOVE = YES;
				CLANG_WARN_UNGUARDED_AVAILABILITY = YES_AGGRESSIVE;
				CLANG_WARN_UNREACHABLE_CODE = YES;
				CLANG_WARN__DUPLICATE_METHOD_MATCH = YES;
				COPY_PHASE_STRIP = NO;
				DEBUG_INFORMATION_FORMAT = "dwarf-with-dsym";
				ENABLE_NS_ASSERTIONS = NO;
				ENABLE_STRICT_OBJC_MSGSEND = YES;
				GCC_C_LANGUAGE_STANDARD = gnu11;
				GCC_NO_COMMON_BLOCKS = YES;
				GCC_WARN_64_TO_32_BIT_CONVERSION = YES;
				GCC_WARN_ABOUT_RETURN_TYPE = YES_ERROR;
				GCC_WARN_UNDECLARED_SELECTOR = YES;
				GCC_WARN_UNINITIALIZED_AUTOS = YES_AGGRESSIVE;
				GCC_WARN_UNUSED_FUNCTION = YES;
				GCC_WARN_UNUSED_VARIABLE = YES;
				IPHONEOS_DEPLOYMENT_TARGET = 15.2;
				MTL_ENABLE_DEBUG_INFO = NO;
				MTL_FAST_MATH = YES;
				SDKROOT = iphoneos;
				SWIFT_COMPILATION_MODE = wholemodule;
				SWIFT_OPTIMIZATION_LEVEL = "-O";
				VALIDATE_PRODUCT = YES;
			};
			name = Release;
		};
		1D95A7E028DE19BD001994EB /* Debug */ = {
			isa = XCBuildConfiguration;
			buildSettings = {
				ASSETCATALOG_COMPILER_APPICON_NAME = AppIcon;
				ASSETCATALOG_COMPILER_GLOBAL_ACCENT_COLOR_NAME = AccentColor;
				CODE_SIGN_STYLE = Automatic;
				CURRENT_PROJECT_VERSION = 1;
				GENERATE_INFOPLIST_FILE = YES;
				INFOPLIST_FILE = "SpaceX Fan Application/Info.plist";
				INFOPLIST_KEY_UIApplicationSupportsIndirectInputEvents = YES;
				INFOPLIST_KEY_UILaunchStoryboardName = LaunchScreen;
				INFOPLIST_KEY_UIMainStoryboardFile = Main;
				INFOPLIST_KEY_UISupportedInterfaceOrientations_iPad = "UIInterfaceOrientationPortrait UIInterfaceOrientationPortraitUpsideDown UIInterfaceOrientationLandscapeLeft UIInterfaceOrientationLandscapeRight";
				INFOPLIST_KEY_UISupportedInterfaceOrientations_iPhone = "UIInterfaceOrientationPortrait UIInterfaceOrientationLandscapeLeft UIInterfaceOrientationLandscapeRight";
				LD_RUNPATH_SEARCH_PATHS = (
					"$(inherited)",
					"@executable_path/Frameworks",
				);
				MARKETING_VERSION = 1.0;
				PRODUCT_BUNDLE_IDENTIFIER = "Vestel.SpaceX-Fan-Application";
				PRODUCT_NAME = "$(TARGET_NAME)";
				SWIFT_EMIT_LOC_STRINGS = YES;
				SWIFT_VERSION = 5.0;
				TARGETED_DEVICE_FAMILY = "1,2";
			};
			name = Debug;
		};
		1D95A7E128DE19BD001994EB /* Release */ = {
			isa = XCBuildConfiguration;
			buildSettings = {
				ASSETCATALOG_COMPILER_APPICON_NAME = AppIcon;
				ASSETCATALOG_COMPILER_GLOBAL_ACCENT_COLOR_NAME = AccentColor;
				CODE_SIGN_STYLE = Automatic;
				CURRENT_PROJECT_VERSION = 1;
				GENERATE_INFOPLIST_FILE = YES;
				INFOPLIST_FILE = "SpaceX Fan Application/Info.plist";
				INFOPLIST_KEY_UIApplicationSupportsIndirectInputEvents = YES;
				INFOPLIST_KEY_UILaunchStoryboardName = LaunchScreen;
				INFOPLIST_KEY_UIMainStoryboardFile = Main;
				INFOPLIST_KEY_UISupportedInterfaceOrientations_iPad = "UIInterfaceOrientationPortrait UIInterfaceOrientationPortraitUpsideDown UIInterfaceOrientationLandscapeLeft UIInterfaceOrientationLandscapeRight";
				INFOPLIST_KEY_UISupportedInterfaceOrientations_iPhone = "UIInterfaceOrientationPortrait UIInterfaceOrientationLandscapeLeft UIInterfaceOrientationLandscapeRight";
				LD_RUNPATH_SEARCH_PATHS = (
					"$(inherited)",
					"@executable_path/Frameworks",
				);
				MARKETING_VERSION = 1.0;
				PRODUCT_BUNDLE_IDENTIFIER = "Vestel.SpaceX-Fan-Application";
				PRODUCT_NAME = "$(TARGET_NAME)";
				SWIFT_EMIT_LOC_STRINGS = YES;
				SWIFT_VERSION = 5.0;
				TARGETED_DEVICE_FAMILY = "1,2";
			};
			name = Release;
		};
		1D95A7E328DE19BD001994EB /* Debug */ = {
			isa = XCBuildConfiguration;
			buildSettings = {
				ALWAYS_EMBED_SWIFT_STANDARD_LIBRARIES = YES;
				BUNDLE_LOADER = "$(TEST_HOST)";
				CODE_SIGN_STYLE = Automatic;
				CURRENT_PROJECT_VERSION = 1;
				GENERATE_INFOPLIST_FILE = YES;
				IPHONEOS_DEPLOYMENT_TARGET = 15.2;
				MARKETING_VERSION = 1.0;
				PRODUCT_BUNDLE_IDENTIFIER = "Vestel.SpaceX-Fan-ApplicationTests";
				PRODUCT_NAME = "$(TARGET_NAME)";
				SWIFT_EMIT_LOC_STRINGS = NO;
				SWIFT_VERSION = 5.0;
				TARGETED_DEVICE_FAMILY = "1,2";
				TEST_HOST = "$(BUILT_PRODUCTS_DIR)/SpaceX Fan Application.app/SpaceX Fan Application";
			};
			name = Debug;
		};
		1D95A7E428DE19BD001994EB /* Release */ = {
			isa = XCBuildConfiguration;
			buildSettings = {
				ALWAYS_EMBED_SWIFT_STANDARD_LIBRARIES = YES;
				BUNDLE_LOADER = "$(TEST_HOST)";
				CODE_SIGN_STYLE = Automatic;
				CURRENT_PROJECT_VERSION = 1;
				GENERATE_INFOPLIST_FILE = YES;
				IPHONEOS_DEPLOYMENT_TARGET = 15.2;
				MARKETING_VERSION = 1.0;
				PRODUCT_BUNDLE_IDENTIFIER = "Vestel.SpaceX-Fan-ApplicationTests";
				PRODUCT_NAME = "$(TARGET_NAME)";
				SWIFT_EMIT_LOC_STRINGS = NO;
				SWIFT_VERSION = 5.0;
				TARGETED_DEVICE_FAMILY = "1,2";
				TEST_HOST = "$(BUILT_PRODUCTS_DIR)/SpaceX Fan Application.app/SpaceX Fan Application";
			};
			name = Release;
		};
		1D95A7E628DE19BD001994EB /* Debug */ = {
			isa = XCBuildConfiguration;
			buildSettings = {
				ALWAYS_EMBED_SWIFT_STANDARD_LIBRARIES = YES;
				CODE_SIGN_STYLE = Automatic;
				CURRENT_PROJECT_VERSION = 1;
				GENERATE_INFOPLIST_FILE = YES;
				MARKETING_VERSION = 1.0;
				PRODUCT_BUNDLE_IDENTIFIER = "Vestel.SpaceX-Fan-ApplicationUITests";
				PRODUCT_NAME = "$(TARGET_NAME)";
				SWIFT_EMIT_LOC_STRINGS = NO;
				SWIFT_VERSION = 5.0;
				TARGETED_DEVICE_FAMILY = "1,2";
				TEST_TARGET_NAME = "SpaceX Fan Application";
			};
			name = Debug;
		};
		1D95A7E728DE19BD001994EB /* Release */ = {
			isa = XCBuildConfiguration;
			buildSettings = {
				ALWAYS_EMBED_SWIFT_STANDARD_LIBRARIES = YES;
				CODE_SIGN_STYLE = Automatic;
				CURRENT_PROJECT_VERSION = 1;
				GENERATE_INFOPLIST_FILE = YES;
				MARKETING_VERSION = 1.0;
				PRODUCT_BUNDLE_IDENTIFIER = "Vestel.SpaceX-Fan-ApplicationUITests";
				PRODUCT_NAME = "$(TARGET_NAME)";
				SWIFT_EMIT_LOC_STRINGS = NO;
				SWIFT_VERSION = 5.0;
				TARGETED_DEVICE_FAMILY = "1,2";
				TEST_TARGET_NAME = "SpaceX Fan Application";
			};
			name = Release;
		};
/* End XCBuildConfiguration section */

/* Begin XCConfigurationList section */
		1D95A7AD28DE19BB001994EB /* Build configuration list for PBXProject "SpaceX Fan Application" */ = {
			isa = XCConfigurationList;
			buildConfigurations = (
				1D95A7DD28DE19BD001994EB /* Debug */,
				1D95A7DE28DE19BD001994EB /* Release */,
			);
			defaultConfigurationIsVisible = 0;
			defaultConfigurationName = Release;
		};
		1D95A7DF28DE19BD001994EB /* Build configuration list for PBXNativeTarget "SpaceX Fan Application" */ = {
			isa = XCConfigurationList;
			buildConfigurations = (
				1D95A7E028DE19BD001994EB /* Debug */,
				1D95A7E128DE19BD001994EB /* Release */,
			);
			defaultConfigurationIsVisible = 0;
			defaultConfigurationName = Release;
		};
		1D95A7E228DE19BD001994EB /* Build configuration list for PBXNativeTarget "SpaceX Fan ApplicationTests" */ = {
			isa = XCConfigurationList;
			buildConfigurations = (
				1D95A7E328DE19BD001994EB /* Debug */,
				1D95A7E428DE19BD001994EB /* Release */,
			);
			defaultConfigurationIsVisible = 0;
			defaultConfigurationName = Release;
		};
		1D95A7E528DE19BD001994EB /* Build configuration list for PBXNativeTarget "SpaceX Fan ApplicationUITests" */ = {
			isa = XCConfigurationList;
			buildConfigurations = (
				1D95A7E628DE19BD001994EB /* Debug */,
				1D95A7E728DE19BD001994EB /* Release */,
			);
			defaultConfigurationIsVisible = 0;
			defaultConfigurationName = Release;
		};
/* End XCConfigurationList section */

/* Begin XCVersionGroup section */
		1D95A7BE28DE19BB001994EB /* SpaceX_Fan_Application.xcdatamodeld */ = {
			isa = XCVersionGroup;
			children = (
				1D95A7BF28DE19BB001994EB /* SpaceX_Fan_Application.xcdatamodel */,
			);
			currentVersion = 1D95A7BF28DE19BB001994EB /* SpaceX_Fan_Application.xcdatamodel */;
			path = SpaceX_Fan_Application.xcdatamodeld;
			sourceTree = "<group>";
			versionGroupType = wrapper.xcdatamodel;
		};
/* End XCVersionGroup section */
	};
	rootObject = 1D95A7AA28DE19BB001994EB /* Project object */;
}
